
Microsoft Visual Studio Solution File, Format Version 12.00
# Visual Studio 2013
VisualStudioVersion = 12.0.30723.0
MinimumVisualStudioVersion = 10.0.40219.1
Project("{FAE04EC0-301F-11D3-BF4B-00C04F79EFBC}") = "ASPTraining", "ASPTraining\ASPTraining.csproj", "{3A3D4B5B-0FE6-4019-BCF3-2CA3271F6A07}"
EndProject
Project("{FAE04EC0-301F-11D3-BF4B-00C04F79EFBC}") = "ASPTraining.Tests", "ASPTraining.Tests\ASPTraining.Tests.csproj", "{94AA946A-9E03-450A-B573-204E6738DD55}"
EndProject
Project("{FAE04EC0-301F-11D3-BF4B-00C04F79EFBC}") = "ImprovementService", "ImprovementService\ImprovementService.csproj", "{D9E31EE2-F134-4A03-A3C9-634CC61F5A93}"
EndProject
Global
	GlobalSection(SolutionConfigurationPlatforms) = preSolution
		Debug|Any CPU = Debug|Any CPU
		Release|Any CPU = Release|Any CPU
	EndGlobalSection
	GlobalSection(ProjectConfigurationPlatforms) = postSolution
		{3A3D4B5B-0FE6-4019-BCF3-2CA3271F6A07}.Debug|Any CPU.ActiveCfg = Debug|Any CPU
		{3A3D4B5B-0FE6-4019-BCF3-2CA3271F6A07}.Debug|Any CPU.Build.0 = Debug|Any CPU
		{3A3D4B5B-0FE6-4019-BCF3-2CA3271F6A07}.Release|Any CPU.ActiveCfg = Release|Any CPU
		{3A3D4B5B-0FE6-4019-BCF3-2CA3271F6A07}.Release|Any CPU.Build.0 = Release|Any CPU
		{94AA946A-9E03-450A-B573-204E6738DD55}.Debug|Any CPU.ActiveCfg = Debug|Any CPU
		{94AA946A-9E03-450A-B573-204E6738DD55}.Debug|Any CPU.Build.0 = Debug|Any CPU
		{94AA946A-9E03-450A-B573-204E6738DD55}.Release|Any CPU.ActiveCfg = Release|Any CPU
		{94AA946A-9E03-450A-B573-204E6738DD55}.Release|Any CPU.Build.0 = Release|Any CPU
		{D9E31EE2-F134-4A03-A3C9-634CC61F5A93}.Debug|Any CPU.ActiveCfg = Debug|Any CPU
		{D9E31EE2-F134-4A03-A3C9-634CC61F5A93}.Debug|Any CPU.Build.0 = Debug|Any CPU
		{D9E31EE2-F134-4A03-A3C9-634CC61F5A93}.Release|Any CPU.ActiveCfg = Release|Any CPU
		{D9E31EE2-F134-4A03-A3C9-634CC61F5A93}.Release|Any CPU.Build.0 = Release|Any CPU
	EndGlobalSection
	GlobalSection(SolutionProperties) = preSolution
		HideSolutionNode = FALSE
	EndGlobalSection
EndGlobal
